{
  "version": 4,
  "terraform_version": "1.13.5",
  "serial": 3,
  "lineage": "6b735173-efee-959d-6629-a58de1cfb7b5",
  "outputs": {},
  "resources": [
    {
      "mode": "data",
      "type": "terraform_remote_state",
      "name": "eip",
      "provider": "provider[\"terraform.io/builtin/terraform\"]",
      "instances": [
        {
          "schema_version": 0,
          "attributes": {
            "backend": "local",
            "config": {
              "value": {
                "path": "../eip/terraform.tfstate"
              },
              "type": [
                "object",
                {
                  "path": "string"
                }
              ]
            },
            "defaults": null,
            "outputs": {
              "value": {
                "eip_allocation_id": "eipalloc-08584f08b4d281a9e"
              },
              "type": [
                "object",
                {
                  "eip_allocation_id": "string"
                }
              ]
            },
            "workspace": null
          },
          "sensitive_attributes": [],
          "identity_schema_version": 0
        }
      ]
    },
    {
      "mode": "data",
      "type": "terraform_remote_state",
      "name": "vpc",
      "provider": "provider[\"terraform.io/builtin/terraform\"]",
      "instances": [
        {
          "schema_version": 0,
          "attributes": {
            "backend": "local",
            "config": {
              "value": {
                "path": "../terraform.tfstate"
              },
              "type": [
                "object",
                {
                  "path": "string"
                }
              ]
            },
            "defaults": null,
            "outputs": {
              "value": {
                "private-rtb": "rtb-069a9acd04dcba034",
                "private-rtb2": "rtb-0d40229afe5c5685a",
                "private_subnet_id": "subnet-0afa4cd1a57e5a5e0",
                "private_subnet_id2": "subnet-0d545d001b2c84558",
                "public-rtb": "rtb-09c7189097938fdcb",
                "public-rtb2": "rtb-0d53ce9d9c47c2926",
                "public_subnet_id": "subnet-0e149cfadc44e3378",
                "public_subnet_id2": "subnet-09340c642400c965e",
                "vpc_id": "vpc-04ceabc89504a5e6d"
              },
              "type": [
                "object",
                {
                  "private-rtb": "string",
                  "private-rtb2": "string",
                  "private_subnet_id": "string",
                  "private_subnet_id2": "string",
                  "public-rtb": "string",
                  "public-rtb2": "string",
                  "public_subnet_id": "string",
                  "public_subnet_id2": "string",
                  "vpc_id": "string"
                }
              ]
            },
            "workspace": null
          },
          "sensitive_attributes": [],
          "identity_schema_version": 0
        }
      ]
    },
    {
      "mode": "managed",
      "type": "aws_nat_gateway",
      "name": "foodstore-tf-ngw",
      "provider": "provider[\"registry.terraform.io/hashicorp/aws\"]",
      "instances": [
        {
          "schema_version": 0,
          "attributes": {
            "allocation_id": "eipalloc-08584f08b4d281a9e",
            "association_id": "eipassoc-0e3d2dc05a130af72",
            "connectivity_type": "public",
            "id": "nat-0ba077fc1f2ef9774",
            "network_interface_id": "eni-0b4bc92121527e34b",
            "private_ip": "10.2.1.167",
            "public_ip": "16.79.160.100",
            "region": "ap-southeast-3",
            "secondary_allocation_ids": [],
            "secondary_private_ip_address_count": 0,
            "secondary_private_ip_addresses": [],
            "subnet_id": "subnet-0e149cfadc44e3378",
            "tags": {
              "Name": "foodstore-ngw-tf"
            },
            "tags_all": {
              "Name": "foodstore-ngw-tf"
            },
            "timeouts": null
          },
          "sensitive_attributes": [],
          "identity_schema_version": 0,
          "private": "eyJlMmJmYjczMC1lY2FhLTExZTYtOGY4OC0zNDM2M2JjN2M0YzAiOnsiY3JlYXRlIjo2MDAwMDAwMDAwMDAsImRlbGV0ZSI6MTgwMDAwMDAwMDAwMCwidXBkYXRlIjo2MDAwMDAwMDAwMDB9fQ==",
          "dependencies": [
            "data.terraform_remote_state.eip",
            "data.terraform_remote_state.vpc"
          ]
        }
      ]
    },
    {
      "mode": "managed",
      "type": "aws_route",
      "name": "private_nat_gateway_route",
      "provider": "provider[\"registry.terraform.io/hashicorp/aws\"]",
      "instances": [
        {
          "schema_version": 0,
          "attributes": {
            "carrier_gateway_id": "",
            "core_network_arn": "",
            "destination_cidr_block": "0.0.0.0/0",
            "destination_ipv6_cidr_block": "",
            "destination_prefix_list_id": "",
            "egress_only_gateway_id": "",
            "gateway_id": "",
            "id": "r-rtb-069a9acd04dcba0341080289494",
            "instance_id": "",
            "instance_owner_id": "",
            "local_gateway_id": "",
            "nat_gateway_id": "nat-0ba077fc1f2ef9774",
            "network_interface_id": "",
            "origin": "CreateRoute",
            "region": "ap-southeast-3",
            "route_table_id": "rtb-069a9acd04dcba034",
            "state": "active",
            "timeouts": null,
            "transit_gateway_id": "",
            "vpc_endpoint_id": "",
            "vpc_peering_connection_id": ""
          },
          "sensitive_attributes": [],
          "identity_schema_version": 0,
          "identity": {
            "account_id": "940514535313",
            "destination_cidr_block": "0.0.0.0/0",
            "destination_ipv6_cidr_block": null,
            "destination_prefix_list_id": null,
            "region": "ap-southeast-3",
            "route_table_id": "rtb-069a9acd04dcba034"
          },
          "private": "eyJlMmJmYjczMC1lY2FhLTExZTYtOGY4OC0zNDM2M2JjN2M0YzAiOnsiY3JlYXRlIjozMDAwMDAwMDAwMDAsImRlbGV0ZSI6MzAwMDAwMDAwMDAwLCJ1cGRhdGUiOjEyMDAwMDAwMDAwMH19",
          "dependencies": [
            "aws_nat_gateway.foodstore-tf-ngw",
            "data.terraform_remote_state.eip",
            "data.terraform_remote_state.vpc"
          ]
        }
      ]
    }
  ],
  "check_results": null
}
