{
  "version": 4,
  "terraform_version": "1.13.5",
  "serial": 48,
  "lineage": "d889c51e-d7c0-307a-9aef-03ee29777281",
  "outputs": {},
  "resources": [
    {
      "mode": "managed",
      "type": "aws_iam_role",
      "name": "jenkins-magang-bastion-role-tf",
      "provider": "provider[\"registry.terraform.io/hashicorp/aws\"]",
      "instances": [
        {
          "schema_version": 0,
          "attributes": {
            "arn": "arn:aws:iam::940514535313:role/jenkins-magang-bastion-foodstore",
            "assume_role_policy": "{\"Statement\":[{\"Action\":\"sts:AssumeRole\",\"Effect\":\"Allow\",\"Principal\":{\"Service\":\"ec2.amazonaws.com\"}}],\"Version\":\"2012-10-17\"}",
            "create_date": "2025-10-24T07:28:15Z",
            "description": "Allows EC2 instances to call AWS services on your behalf.",
            "force_detach_policies": false,
            "id": "jenkins-magang-bastion-foodstore",
            "inline_policy": [],
            "managed_policy_arns": [
              "arn:aws:iam::940514535313:policy/jenkins-magang-bastion-policies"
            ],
            "max_session_duration": 3600,
            "name": "jenkins-magang-bastion-foodstore",
            "name_prefix": "",
            "path": "/",
            "permissions_boundary": "",
            "tags": {},
            "tags_all": {},
            "unique_id": "AROA5V6YI46IUL5UGMPDU"
          },
          "sensitive_attributes": [],
          "identity_schema_version": 0,
          "identity": {
            "account_id": "940514535313",
            "name": "jenkins-magang-bastion-foodstore"
          },
          "private": "eyJzY2hlbWFfdmVyc2lvbiI6IjAifQ=="
        }
      ]
    },
    {
      "mode": "managed",
      "type": "aws_iam_role",
      "name": "jenkins-magang-master-role-tf",
      "provider": "provider[\"registry.terraform.io/hashicorp/aws\"]",
      "instances": [
        {
          "schema_version": 0,
          "attributes": {
            "arn": "arn:aws:iam::940514535313:role/jenkins-magang-master-foodstore-tf",
            "assume_role_policy": "{\"Statement\":[{\"Action\":\"sts:AssumeRole\",\"Effect\":\"Allow\",\"Principal\":{\"Service\":\"ec2.amazonaws.com\"}}],\"Version\":\"2012-10-17\"}",
            "create_date": "2025-11-17T07:04:59Z",
            "description": "",
            "force_detach_policies": false,
            "id": "jenkins-magang-master-foodstore-tf",
            "inline_policy": [],
            "managed_policy_arns": [],
            "max_session_duration": 3600,
            "name": "jenkins-magang-master-foodstore-tf",
            "name_prefix": "",
            "path": "/",
            "permissions_boundary": "",
            "tags": {},
            "tags_all": {},
            "unique_id": "AROA5V6YI46I57VJHSVXA"
          },
          "sensitive_attributes": [],
          "identity_schema_version": 0,
          "identity": {
            "account_id": "940514535313",
            "name": "jenkins-magang-master-foodstore-tf"
          },
          "private": "bnVsbA=="
        }
      ]
    }
  ],
  "check_results": null
}
