{
  "version": 4,
  "terraform_version": "1.13.5",
  "serial": 33,
  "lineage": "d889c51e-d7c0-307a-9aef-03ee29777281",
  "outputs": {},
  "resources": [
    {
      "mode": "data",
      "type": "terraform_remote_state",
      "name": "vpc",
      "provider": "provider[\"terraform.io/builtin/terraform\"]",
      "instances": [
        {
          "schema_version": 0,
          "attributes": {
            "backend": "local",
            "config": {
              "value": {
                "path": "../vpc/terraform.tfstate"
              },
              "type": [
                "object",
                {
                  "path": "string"
                }
              ]
            },
            "defaults": null,
            "outputs": {
              "value": {
                "private-rtb": "rtb-069a9acd04dcba034",
                "private-rtb2": "rtb-0d40229afe5c5685a",
                "private_subnet_id": "subnet-0afa4cd1a57e5a5e0",
                "private_subnet_id2": "subnet-0d545d001b2c84558",
                "public-rtb": "rtb-09c7189097938fdcb",
                "public-rtb2": "rtb-0d53ce9d9c47c2926",
                "public_subnet_id": "subnet-0e149cfadc44e3378",
                "public_subnet_id2": "subnet-09340c642400c965e",
                "vpc_id": "vpc-04ceabc89504a5e6d"
              },
              "type": [
                "object",
                {
                  "private-rtb": "string",
                  "private-rtb2": "string",
                  "private_subnet_id": "string",
                  "private_subnet_id2": "string",
                  "public-rtb": "string",
                  "public-rtb2": "string",
                  "public_subnet_id": "string",
                  "public_subnet_id2": "string",
                  "vpc_id": "string"
                }
              ]
            },
            "workspace": null
          },
          "sensitive_attributes": [],
          "identity_schema_version": 0
        }
      ]
    },
    {
      "mode": "managed",
      "type": "aws_iam_instance_profile",
      "name": "bastion_profile-tf",
      "provider": "provider[\"registry.terraform.io/hashicorp/aws\"]",
      "instances": [
        {
          "schema_version": 0,
          "attributes": {
            "arn": "arn:aws:iam::940514535313:instance-profile/jenkins-magang-bastion-foodstore-tf",
            "create_date": "2025-11-17T07:05:00Z",
            "id": "jenkins-magang-bastion-foodstore-tf",
            "name": "jenkins-magang-bastion-foodstore-tf",
            "name_prefix": "",
            "path": "/",
            "role": "jenkins-magang-bastion-foodstore-tf",
            "tags": null,
            "tags_all": {},
            "unique_id": "AIPA5V6YI46ISM3LIBHCE"
          },
          "sensitive_attributes": [],
          "identity_schema_version": 0,
          "private": "bnVsbA==",
          "dependencies": [
            "aws_iam_role.jenkins-magang-bastion-role-tf"
          ]
        }
      ]
    },
    {
      "mode": "managed",
      "type": "aws_iam_instance_profile",
      "name": "master_profile-tf",
      "provider": "provider[\"registry.terraform.io/hashicorp/aws\"]",
      "instances": [
        {
          "schema_version": 0,
          "attributes": {
            "arn": "arn:aws:iam::940514535313:instance-profile/jenkins-magang-master-foodstore-tf",
            "create_date": "2025-11-17T07:05:00Z",
            "id": "jenkins-magang-master-foodstore-tf",
            "name": "jenkins-magang-master-foodstore-tf",
            "name_prefix": "",
            "path": "/",
            "role": "jenkins-magang-master-foodstore-tf",
            "tags": null,
            "tags_all": {},
            "unique_id": "AIPA5V6YI46I22M5NUC5F"
          },
          "sensitive_attributes": [],
          "identity_schema_version": 0,
          "private": "bnVsbA==",
          "dependencies": [
            "aws_iam_role.jenkins-magang-master-role-tf"
          ]
        }
      ]
    },
    {
      "mode": "managed",
      "type": "aws_iam_role",
      "name": "jenkins-magang-bastion-role-tf",
      "provider": "provider[\"registry.terraform.io/hashicorp/aws\"]",
      "instances": [
        {
          "schema_version": 0,
          "attributes": {
            "arn": "arn:aws:iam::940514535313:role/jenkins-magang-bastion-foodstore-tf",
            "assume_role_policy": "{\"Statement\":[{\"Action\":\"sts:AssumeRole\",\"Effect\":\"Allow\",\"Principal\":{\"Service\":\"ec2.amazonaws.com\"}}],\"Version\":\"2012-10-17\"}",
            "create_date": "2025-11-17T07:04:59Z",
            "description": "",
            "force_detach_policies": false,
            "id": "jenkins-magang-bastion-foodstore-tf",
            "inline_policy": [],
            "managed_policy_arns": [],
            "max_session_duration": 3600,
            "name": "jenkins-magang-bastion-foodstore-tf",
            "name_prefix": "",
            "path": "/",
            "permissions_boundary": "",
            "tags": null,
            "tags_all": {},
            "unique_id": "AROA5V6YI46I2PYBH53HD"
          },
          "sensitive_attributes": [],
          "identity_schema_version": 0,
          "identity": {
            "account_id": "940514535313",
            "name": "jenkins-magang-bastion-foodstore-tf"
          },
          "private": "bnVsbA=="
        }
      ]
    },
    {
      "mode": "managed",
      "type": "aws_iam_role",
      "name": "jenkins-magang-master-role-tf",
      "provider": "provider[\"registry.terraform.io/hashicorp/aws\"]",
      "instances": [
        {
          "schema_version": 0,
          "attributes": {
            "arn": "arn:aws:iam::940514535313:role/jenkins-magang-master-foodstore-tf",
            "assume_role_policy": "{\"Statement\":[{\"Action\":\"sts:AssumeRole\",\"Effect\":\"Allow\",\"Principal\":{\"Service\":\"ec2.amazonaws.com\"}}],\"Version\":\"2012-10-17\"}",
            "create_date": "2025-11-17T07:04:59Z",
            "description": "",
            "force_detach_policies": false,
            "id": "jenkins-magang-master-foodstore-tf",
            "inline_policy": [],
            "managed_policy_arns": [],
            "max_session_duration": 3600,
            "name": "jenkins-magang-master-foodstore-tf",
            "name_prefix": "",
            "path": "/",
            "permissions_boundary": "",
            "tags": null,
            "tags_all": {},
            "unique_id": "AROA5V6YI46I57VJHSVXA"
          },
          "sensitive_attributes": [],
          "identity_schema_version": 0,
          "identity": {
            "account_id": "940514535313",
            "name": "jenkins-magang-master-foodstore-tf"
          },
          "private": "bnVsbA=="
        }
      ]
    },
    {
      "mode": "managed",
      "type": "aws_security_group",
      "name": "foodstore-bastion-sg",
      "provider": "provider[\"registry.terraform.io/hashicorp/aws\"]",
      "instances": [
        {
          "schema_version": 1,
          "attributes": {
            "arn": "arn:aws:ec2:ap-southeast-3:940514535313:security-group/sg-002a46125ada37a11",
            "description": "Allow SSH traffic for bastion host",
            "egress": [
              {
                "cidr_blocks": [
                  "0.0.0.0/0"
                ],
                "description": "",
                "from_port": 0,
                "ipv6_cidr_blocks": [],
                "prefix_list_ids": [],
                "protocol": "-1",
                "security_groups": [],
                "self": false,
                "to_port": 0
              }
            ],
            "id": "sg-002a46125ada37a11",
            "ingress": [
              {
                "cidr_blocks": [
                  "0.0.0.0/0"
                ],
                "description": "Allow SSH from anywhere",
                "from_port": 22,
                "ipv6_cidr_blocks": [],
                "prefix_list_ids": [],
                "protocol": "tcp",
                "security_groups": [],
                "self": false,
                "to_port": 22
              }
            ],
            "name": "foodstore-bastion-sg-tf",
            "name_prefix": "",
            "owner_id": "940514535313",
            "region": "ap-southeast-3",
            "revoke_rules_on_delete": false,
            "tags": {
              "Name": "foodstore-bastion-sg-tf"
            },
            "tags_all": {
              "Name": "foodstore-bastion-sg-tf"
            },
            "timeouts": null,
            "vpc_id": "vpc-04ceabc89504a5e6d"
          },
          "sensitive_attributes": [],
          "identity_schema_version": 0,
          "identity": {
            "account_id": "940514535313",
            "id": "sg-002a46125ada37a11",
            "region": "ap-southeast-3"
          },
          "private": "eyJlMmJmYjczMC1lY2FhLTExZTYtOGY4OC0zNDM2M2JjN2M0YzAiOnsiY3JlYXRlIjo2MDAwMDAwMDAwMDAsImRlbGV0ZSI6OTAwMDAwMDAwMDAwfSwic2NoZW1hX3ZlcnNpb24iOiIxIn0=",
          "dependencies": [
            "data.terraform_remote_state.vpc"
          ]
        }
      ]
    },
    {
      "mode": "managed",
      "type": "aws_security_group",
      "name": "foodstore-instance-sg",
      "provider": "provider[\"registry.terraform.io/hashicorp/aws\"]",
      "instances": [
        {
          "schema_version": 1,
          "attributes": {
            "arn": "arn:aws:ec2:ap-southeast-3:940514535313:security-group/sg-04987e415e2e03d9c",
            "description": "Allow HTTP and SSH traffic",
            "egress": [
              {
                "cidr_blocks": [
                  "0.0.0.0/0"
                ],
                "description": "",
                "from_port": 0,
                "ipv6_cidr_blocks": [],
                "prefix_list_ids": [],
                "protocol": "-1",
                "security_groups": [],
                "self": false,
                "to_port": 0
              }
            ],
            "id": "sg-04987e415e2e03d9c",
            "ingress": [
              {
                "cidr_blocks": [
                  "0.0.0.0/0"
                ],
                "description": "Allow SSH from anywhere (for testing, replace with your IP)",
                "from_port": 22,
                "ipv6_cidr_blocks": [],
                "prefix_list_ids": [],
                "protocol": "tcp",
                "security_groups": [],
                "self": false,
                "to_port": 22
              },
              {
                "cidr_blocks": [],
                "description": "Allow HTTP from the load balancer",
                "from_port": 80,
                "ipv6_cidr_blocks": [],
                "prefix_list_ids": [],
                "protocol": "tcp",
                "security_groups": [
                  "sg-065ea2bbeb0c2482f"
                ],
                "self": false,
                "to_port": 80
              }
            ],
            "name": "foodstore-instance-sg-tf",
            "name_prefix": "",
            "owner_id": "940514535313",
            "region": "ap-southeast-3",
            "revoke_rules_on_delete": false,
            "tags": {
              "Name": "foodstore-instance-sg-tf"
            },
            "tags_all": {
              "Name": "foodstore-instance-sg-tf"
            },
            "timeouts": null,
            "vpc_id": "vpc-04ceabc89504a5e6d"
          },
          "sensitive_attributes": [],
          "identity_schema_version": 0,
          "identity": {
            "account_id": "940514535313",
            "id": "sg-04987e415e2e03d9c",
            "region": "ap-southeast-3"
          },
          "private": "eyJlMmJmYjczMC1lY2FhLTExZTYtOGY4OC0zNDM2M2JjN2M0YzAiOnsiY3JlYXRlIjo2MDAwMDAwMDAwMDAsImRlbGV0ZSI6OTAwMDAwMDAwMDAwfSwic2NoZW1hX3ZlcnNpb24iOiIxIn0=",
          "dependencies": [
            "aws_security_group.foodstore-lb-sg",
            "data.terraform_remote_state.vpc"
          ]
        }
      ]
    },
    {
      "mode": "managed",
      "type": "aws_security_group",
      "name": "foodstore-lb-sg",
      "provider": "provider[\"registry.terraform.io/hashicorp/aws\"]",
      "instances": [
        {
          "schema_version": 1,
          "attributes": {
            "arn": "arn:aws:ec2:ap-southeast-3:940514535313:security-group/sg-065ea2bbeb0c2482f",
            "description": "Allow HTTP traffic to the load balancer",
            "egress": [
              {
                "cidr_blocks": [
                  "0.0.0.0/0"
                ],
                "description": "",
                "from_port": 0,
                "ipv6_cidr_blocks": [],
                "prefix_list_ids": [],
                "protocol": "-1",
                "security_groups": [],
                "self": false,
                "to_port": 0
              }
            ],
            "id": "sg-065ea2bbeb0c2482f",
            "ingress": [
              {
                "cidr_blocks": [
                  "0.0.0.0/0"
                ],
                "description": "Allow HTTP from anywhere",
                "from_port": 80,
                "ipv6_cidr_blocks": [],
                "prefix_list_ids": [],
                "protocol": "tcp",
                "security_groups": [],
                "self": false,
                "to_port": 80
              }
            ],
            "name": "foodstore-lb-sg-tf",
            "name_prefix": "",
            "owner_id": "940514535313",
            "region": "ap-southeast-3",
            "revoke_rules_on_delete": false,
            "tags": {
              "Name": "foodstore-lb-sg-tf"
            },
            "tags_all": {
              "Name": "foodstore-lb-sg-tf"
            },
            "timeouts": null,
            "vpc_id": "vpc-04ceabc89504a5e6d"
          },
          "sensitive_attributes": [],
          "identity_schema_version": 0,
          "identity": {
            "account_id": "940514535313",
            "id": "sg-065ea2bbeb0c2482f",
            "region": "ap-southeast-3"
          },
          "private": "eyJlMmJmYjczMC1lY2FhLTExZTYtOGY4OC0zNDM2M2JjN2M0YzAiOnsiY3JlYXRlIjo2MDAwMDAwMDAwMDAsImRlbGV0ZSI6OTAwMDAwMDAwMDAwfSwic2NoZW1hX3ZlcnNpb24iOiIxIn0=",
          "dependencies": [
            "data.terraform_remote_state.vpc"
          ]
        }
      ]
    },
    {
      "mode": "managed",
      "type": "aws_security_group",
      "name": "foodstore-master-sg",
      "provider": "provider[\"registry.terraform.io/hashicorp/aws\"]",
      "instances": [
        {
          "schema_version": 1,
          "attributes": {
            "arn": "arn:aws:ec2:ap-southeast-3:940514535313:security-group/sg-0d1b6d9bc2ccdbb28",
            "description": "Allow SSH from bastion and internal traffic",
            "egress": [
              {
                "cidr_blocks": [
                  "0.0.0.0/0"
                ],
                "description": "",
                "from_port": 0,
                "ipv6_cidr_blocks": [],
                "prefix_list_ids": [],
                "protocol": "-1",
                "security_groups": [],
                "self": false,
                "to_port": 0
              }
            ],
            "id": "sg-0d1b6d9bc2ccdbb28",
            "ingress": [
              {
                "cidr_blocks": [],
                "description": "Allow SSH from the bastion",
                "from_port": 22,
                "ipv6_cidr_blocks": [],
                "prefix_list_ids": [],
                "protocol": "tcp",
                "security_groups": [
                  "sg-002a46125ada37a11"
                ],
                "self": false,
                "to_port": 22
              }
            ],
            "name": "foodstore-master-sg-tf",
            "name_prefix": "",
            "owner_id": "940514535313",
            "region": "ap-southeast-3",
            "revoke_rules_on_delete": false,
            "tags": {
              "Name": "foodstore-master-sg-tf"
            },
            "tags_all": {
              "Name": "foodstore-master-sg-tf"
            },
            "timeouts": null,
            "vpc_id": "vpc-04ceabc89504a5e6d"
          },
          "sensitive_attributes": [],
          "identity_schema_version": 0,
          "identity": {
            "account_id": "940514535313",
            "id": "sg-0d1b6d9bc2ccdbb28",
            "region": "ap-southeast-3"
          },
          "private": "eyJlMmJmYjczMC1lY2FhLTExZTYtOGY4OC0zNDM2M2JjN2M0YzAiOnsiY3JlYXRlIjo2MDAwMDAwMDAwMDAsImRlbGV0ZSI6OTAwMDAwMDAwMDAwfSwic2NoZW1hX3ZlcnNpb24iOiIxIn0=",
          "dependencies": [
            "aws_security_group.foodstore-bastion-sg",
            "data.terraform_remote_state.vpc"
          ]
        }
      ]
    }
  ],
  "check_results": null
}
