{
  "version": 4,
  "terraform_version": "1.13.5",
  "serial": 8,
  "lineage": "67524a40-0c2f-2fb7-ca04-f91fdf3ca9d0",
  "outputs": {
    "eip_allocation_id": {
      "value": "eipalloc-08584f08b4d281a9e",
      "type": "string"
    }
  },
  "resources": [
    {
      "mode": "data",
      "type": "terraform_remote_state",
      "name": "vpc-state",
      "provider": "provider[\"terraform.io/builtin/terraform\"]",
      "instances": [
        {
          "schema_version": 0,
          "attributes": {
            "backend": "local",
            "config": {
              "value": {
                "path": "../terraform.tfstate"
              },
              "type": [
                "object",
                {
                  "path": "string"
                }
              ]
            },
            "defaults": null,
            "outputs": {
              "value": {
                "private-rtb": "rtb-069a9acd04dcba034",
                "private-rtb2": "rtb-0d40229afe5c5685a",
                "private_subnet_id": "subnet-0afa4cd1a57e5a5e0",
                "private_subnet_id2": "subnet-0d545d001b2c84558",
                "public-rtb": "rtb-09c7189097938fdcb",
                "public-rtb2": "rtb-0d53ce9d9c47c2926",
                "public_subnet_id": "subnet-0e149cfadc44e3378",
                "public_subnet_id2": "subnet-09340c642400c965e",
                "vpc_id": "vpc-04ceabc89504a5e6d"
              },
              "type": [
                "object",
                {
                  "private-rtb": "string",
                  "private-rtb2": "string",
                  "private_subnet_id": "string",
                  "private_subnet_id2": "string",
                  "public-rtb": "string",
                  "public-rtb2": "string",
                  "public_subnet_id": "string",
                  "public_subnet_id2": "string",
                  "vpc_id": "string"
                }
              ]
            },
            "workspace": null
          },
          "sensitive_attributes": [],
          "identity_schema_version": 0
        }
      ]
    },
    {
      "mode": "managed",
      "type": "aws_eip",
      "name": "foodstore-tf-eip",
      "provider": "provider[\"registry.terraform.io/hashicorp/aws\"]",
      "instances": [
        {
          "schema_version": 0,
          "attributes": {
            "address": null,
            "allocation_id": "eipalloc-08584f08b4d281a9e",
            "arn": "arn:aws:ec2:ap-southeast-3:940514535313:elastic-ip/eipalloc-08584f08b4d281a9e",
            "associate_with_private_ip": null,
            "association_id": "",
            "carrier_ip": "",
            "customer_owned_ip": "",
            "customer_owned_ipv4_pool": "",
            "domain": "vpc",
            "id": "eipalloc-08584f08b4d281a9e",
            "instance": "",
            "ipam_pool_id": null,
            "network_border_group": "ap-southeast-3",
            "network_interface": "",
            "private_dns": null,
            "private_ip": "",
            "ptr_record": "",
            "public_dns": "ec2-16-79-160-100.ap-southeast-3.compute.amazonaws.com",
            "public_ip": "16.79.160.100",
            "public_ipv4_pool": "amazon",
            "region": "ap-southeast-3",
            "tags": {
              "Name": "foodstore-eip-tf"
            },
            "tags_all": {
              "Name": "foodstore-eip-tf"
            },
            "timeouts": null
          },
          "sensitive_attributes": [],
          "identity_schema_version": 0,
          "private": "eyJlMmJmYjczMC1lY2FhLTExZTYtOGY4OC0zNDM2M2JjN2M0YzAiOnsiZGVsZXRlIjoxODAwMDAwMDAwMDAsInJlYWQiOjkwMDAwMDAwMDAwMCwidXBkYXRlIjozMDAwMDAwMDAwMDB9fQ=="
        }
      ]
    }
  ],
  "check_results": null
}
